<?xml version="1.0" encoding="UTF-8"?>
<Project ToolsVersion="14.0" xmlns="http://schemas.microsoft.com/developer/msbuild/2003">
  <ItemGroup>
    <ClCompile Include="C:\Users\Mac\Desktop\IDS6938-SimulationTechniques\Homework2\queues\main.cpp">
      <Filter>Source Files</Filter>
    </ClCompile>
    <ClCompile Include="C:\Users\Mac\Desktop\IDS6938-SimulationTechniques\Homework2\queues\mm1_queue.cpp">
      <Filter>Source Files</Filter>
    </ClCompile>
  </ItemGroup>
  <ItemGroup>
    <ClInclude Include="C:\Users\Mac\Desktop\IDS6938-SimulationTechniques\Homework2\queues\mm1_queue.h">
      <Filter>Header Files</Filter>
    </ClInclude>
    <ClInclude Include="C:\Users\Mac\Desktop\IDS6938-SimulationTechniques\Homework2\queues\random_number_generator.h">
      <Filter>Header Files</Filter>
    </ClInclude>
    <ClInclude Include="C:\Users\Mac\Desktop\IDS6938-SimulationTechniques\Homework2\queues\customer.h">
      <Filter>Header Files</Filter>
    </ClInclude>
  </ItemGroup>
  <ItemGroup>
    <CustomBuild Include="C:\Users\Mac\Desktop\IDS6938-SimulationTechniques\Homework2\queues\CMakeLists.txt" />
  </ItemGroup>
  <ItemGroup>
    <Filter Include="Source Files">
      <UniqueIdentifier>{44B25575-ABFE-33E2-8E01-B4115618C0DC}</UniqueIdentifier>
    </Filter>
    <Filter Include="Header Files">
      <UniqueIdentifier>{9208B5FC-8915-3F81-8425-4D01AF72671F}</UniqueIdentifier>
    </Filter>
  </ItemGroup>
</Project>
