Microsoft Visual Studio Solution File, Format Version 12.00
# Visual Studio 14
Project("{8BC9CEB8-8B4A-11D0-8D11-00A0C91BC942}") = "ALL_BUILD", "ALL_BUILD.vcxproj", "{7AC5DF99-9FF6-36C6-92B5-F716994B73A3}"
	ProjectSection(ProjectDependencies) = postProject
		{1115D2F6-B00E-39F0-AF52-F1E167BAB42C} = {1115D2F6-B00E-39F0-AF52-F1E167BAB42C}
		{4BCB019E-B937-37F0-A9EC-C46B9758FAD7} = {4BCB019E-B937-37F0-A9EC-C46B9758FAD7}
	EndProjectSection
EndProject
Project("{8BC9CEB8-8B4A-11D0-8D11-00A0C91BC942}") = "MM1", "MM1.vcxproj", "{1115D2F6-B00E-39F0-AF52-F1E167BAB42C}"
	ProjectSection(ProjectDependencies) = postProject
		{4BCB019E-B937-37F0-A9EC-C46B9758FAD7} = {4BCB019E-B937-37F0-A9EC-C46B9758FAD7}
	EndProjectSection
EndProject
Project("{8BC9CEB8-8B4A-11D0-8D11-00A0C91BC942}") = "ZERO_CHECK", "ZERO_CHECK.vcxproj", "{4BCB019E-B937-37F0-A9EC-C46B9758FAD7}"
	ProjectSection(ProjectDependencies) = postProject
	EndProjectSection
EndProject
Global
	GlobalSection(SolutionConfigurationPlatforms) = preSolution
		Debug|Win32 = Debug|Win32
		Release|Win32 = Release|Win32
		MinSizeRel|Win32 = MinSizeRel|Win32
		RelWithDebInfo|Win32 = RelWithDebInfo|Win32
	EndGlobalSection
	GlobalSection(ProjectConfigurationPlatforms) = postSolution
		{7AC5DF99-9FF6-36C6-92B5-F716994B73A3}.Debug|Win32.ActiveCfg = Debug|Win32
		{7AC5DF99-9FF6-36C6-92B5-F716994B73A3}.Release|Win32.ActiveCfg = Release|Win32
		{7AC5DF99-9FF6-36C6-92B5-F716994B73A3}.MinSizeRel|Win32.ActiveCfg = MinSizeRel|Win32
		{7AC5DF99-9FF6-36C6-92B5-F716994B73A3}.RelWithDebInfo|Win32.ActiveCfg = RelWithDebInfo|Win32
		{1115D2F6-B00E-39F0-AF52-F1E167BAB42C}.Debug|Win32.ActiveCfg = Debug|Win32
		{1115D2F6-B00E-39F0-AF52-F1E167BAB42C}.Debug|Win32.Build.0 = Debug|Win32
		{1115D2F6-B00E-39F0-AF52-F1E167BAB42C}.Release|Win32.ActiveCfg = Release|Win32
		{1115D2F6-B00E-39F0-AF52-F1E167BAB42C}.Release|Win32.Build.0 = Release|Win32
		{1115D2F6-B00E-39F0-AF52-F1E167BAB42C}.MinSizeRel|Win32.ActiveCfg = MinSizeRel|Win32
		{1115D2F6-B00E-39F0-AF52-F1E167BAB42C}.MinSizeRel|Win32.Build.0 = MinSizeRel|Win32
		{1115D2F6-B00E-39F0-AF52-F1E167BAB42C}.RelWithDebInfo|Win32.ActiveCfg = RelWithDebInfo|Win32
		{1115D2F6-B00E-39F0-AF52-F1E167BAB42C}.RelWithDebInfo|Win32.Build.0 = RelWithDebInfo|Win32
		{4BCB019E-B937-37F0-A9EC-C46B9758FAD7}.Debug|Win32.ActiveCfg = Debug|Win32
		{4BCB019E-B937-37F0-A9EC-C46B9758FAD7}.Debug|Win32.Build.0 = Debug|Win32
		{4BCB019E-B937-37F0-A9EC-C46B9758FAD7}.Release|Win32.ActiveCfg = Release|Win32
		{4BCB019E-B937-37F0-A9EC-C46B9758FAD7}.Release|Win32.Build.0 = Release|Win32
		{4BCB019E-B937-37F0-A9EC-C46B9758FAD7}.MinSizeRel|Win32.ActiveCfg = MinSizeRel|Win32
		{4BCB019E-B937-37F0-A9EC-C46B9758FAD7}.MinSizeRel|Win32.Build.0 = MinSizeRel|Win32
		{4BCB019E-B937-37F0-A9EC-C46B9758FAD7}.RelWithDebInfo|Win32.ActiveCfg = RelWithDebInfo|Win32
		{4BCB019E-B937-37F0-A9EC-C46B9758FAD7}.RelWithDebInfo|Win32.Build.0 = RelWithDebInfo|Win32
	EndGlobalSection
	GlobalSection(ExtensibilityGlobals) = postSolution
	EndGlobalSection
	GlobalSection(ExtensibilityAddIns) = postSolution
	EndGlobalSection
EndGlobal
