<?xml version="1.0" encoding="UTF-8"?>
<Project ToolsVersion="14.0" xmlns="http://schemas.microsoft.com/developer/msbuild/2003">
  <ItemGroup>
    <CustomBuild Include="C:\Users\Mac\Desktop\IDS6938-SimulationTechniques\Homework2\queues\builds\CMakeFiles\ccb70a34ee721f195499c42a3e09f8a7\generate.stamp.rule">
      <Filter>CMake Rules</Filter>
    </CustomBuild>
  </ItemGroup>
  <ItemGroup>
    <Filter Include="CMake Rules">
      <UniqueIdentifier>{6147497A-5D53-3834-8647-4B441543F46D}</UniqueIdentifier>
    </Filter>
  </ItemGroup>
</Project>
